
Microsoft Visual Studio Solution File, Format Version 12.00
# Visual Studio Version 16
VisualStudioVersion = 16.0.31005.135
MinimumVisualStudioVersion = 10.0.40219.1
Project("{FAE04EC0-301F-11D3-BF4B-00C04F79EFBC}") = "DataAccessLayer", "DataAccessLayer\DataAccessLayer.csproj", "{418905A5-DB49-4BD6-B684-35D046C67328}"
EndProject
Project("{FAE04EC0-301F-11D3-BF4B-00C04F79EFBC}") = "BL", "BL\BL.csproj", "{D798BC59-1F9D-4540-9E86-9A73ED8E0A08}"
EndProject
Global
	GlobalSection(SolutionConfigurationPlatforms) = preSolution
		Debug|Any CPU = Debug|Any CPU
		Release|Any CPU = Release|Any CPU
	EndGlobalSection
	GlobalSection(ProjectConfigurationPlatforms) = postSolution
		{418905A5-DB49-4BD6-B684-35D046C67328}.Debug|Any CPU.ActiveCfg = Debug|Any CPU
		{418905A5-DB49-4BD6-B684-35D046C67328}.Debug|Any CPU.Build.0 = Debug|Any CPU
		{418905A5-DB49-4BD6-B684-35D046C67328}.Release|Any CPU.ActiveCfg = Release|Any CPU
		{418905A5-DB49-4BD6-B684-35D046C67328}.Release|Any CPU.Build.0 = Release|Any CPU
		{D798BC59-1F9D-4540-9E86-9A73ED8E0A08}.Debug|Any CPU.ActiveCfg = Debug|Any CPU
		{D798BC59-1F9D-4540-9E86-9A73ED8E0A08}.Debug|Any CPU.Build.0 = Debug|Any CPU
		{D798BC59-1F9D-4540-9E86-9A73ED8E0A08}.Release|Any CPU.ActiveCfg = Release|Any CPU
		{D798BC59-1F9D-4540-9E86-9A73ED8E0A08}.Release|Any CPU.Build.0 = Release|Any CPU
	EndGlobalSection
	GlobalSection(SolutionProperties) = preSolution
		HideSolutionNode = FALSE
	EndGlobalSection
	GlobalSection(ExtensibilityGlobals) = postSolution
		SolutionGuid = {A0C71190-AE87-43BE-8B0D-C34A751DBEA5}
	EndGlobalSection
EndGlobal
